<?xml version="1.0" encoding="utf-8"?>
<Project ToolsVersion="17.0" xmlns="http://schemas.microsoft.com/developer/msbuild/2003">
  <ItemGroup>
    <CustomBuild Include="D:\zero-study\zero-one-healthy-check\healthy-cpp\CMakeFiles\05455c2f94c5a9b4259a83e7f81485dd\INSTALL_force.rule">
      <Filter>CMake Rules</Filter>
    </CustomBuild>
  </ItemGroup>
  <ItemGroup>
    <Filter Include="CMake Rules">
      <UniqueIdentifier>{40475041-18E8-35B1-ACA2-02D8462CA743}</UniqueIdentifier>
    </Filter>
  </ItemGroup>
</Project>
