<?xml version="1.0" encoding="utf-8"?>
<Project ToolsVersion="17.0" xmlns="http://schemas.microsoft.com/developer/msbuild/2003">
  <ItemGroup>
    <ClCompile Include="D:\zero-study\zero-one-healthy-check\healthy-cpp\lib-oatpp\src\CustomerAuthorizeHandler.cpp">
      <Filter>Source Files</Filter>
    </ClCompile>
    <ClCompile Include="D:\zero-study\zero-one-healthy-check\healthy-cpp\lib-oatpp\src\ErrorHandler.cpp">
      <Filter>Source Files</Filter>
    </ClCompile>
    <ClCompile Include="D:\zero-study\zero-one-healthy-check\healthy-cpp\lib-oatpp\src\HttpServer.cpp">
      <Filter>Source Files</Filter>
    </ClCompile>
    <ClCompile Include="D:\zero-study\zero-one-healthy-check\healthy-cpp\lib-oatpp\src\IpUtil.cpp">
      <Filter>Source Files</Filter>
    </ClCompile>
    <ClCompile Include="D:\zero-study\zero-one-healthy-check\healthy-cpp\lib-oatpp\src\JWTUtil.cpp">
      <Filter>Source Files</Filter>
    </ClCompile>
    <ClCompile Include="D:\zero-study\zero-one-healthy-check\healthy-cpp\lib-oatpp\src\ResultStatus.cpp">
      <Filter>Source Files</Filter>
    </ClCompile>
    <ClCompile Include="D:\zero-study\zero-one-healthy-check\healthy-cpp\lib-oatpp\src\URIUtil.cpp">
      <Filter>Source Files</Filter>
    </ClCompile>
    <ClCompile Include="D:\zero-study\zero-one-healthy-check\healthy-cpp\lib-oatpp\pch.cpp">
      <Filter>Source Files</Filter>
    </ClCompile>
  </ItemGroup>
  <ItemGroup>
    <CustomBuild Include="D:\zero-study\zero-one-healthy-check\healthy-cpp\lib-oatpp\CMakeLists.txt" />
  </ItemGroup>
  <ItemGroup>
    <Filter Include="Source Files">
      <UniqueIdentifier>{95867CA6-3CD4-3202-98EC-9C5BE74C36C9}</UniqueIdentifier>
    </Filter>
  </ItemGroup>
</Project>
