
Microsoft Visual Studio Solution File, Format Version 12.00
# Visual Studio Version 17
Project("{8BC9CEB8-8B4A-11D0-8D11-00A0C91BC942}") = "ALL_BUILD", "ALL_BUILD.vcxproj", "{4B1E419B-ABAD-36B8-BA1D-F58E02AE4709}"
	ProjectSection(ProjectDependencies) = postProject
		{78DCFFC2-6DB0-31DB-B880-BA9892B317B9} = {78DCFFC2-6DB0-31DB-B880-BA9892B317B9}
		{4D7FD93B-CD55-3B5E-872B-916110561FC5} = {4D7FD93B-CD55-3B5E-872B-916110561FC5}
		{00B814D1-FB8B-3857-82EC-6CF1E7840CED} = {00B814D1-FB8B-3857-82EC-6CF1E7840CED}
		{8E109DF3-43EF-34B2-B868-FA7868114DAB} = {8E109DF3-43EF-34B2-B868-FA7868114DAB}
		{D8686570-9FE1-3D58-BC16-12AB0062F007} = {D8686570-9FE1-3D58-BC16-12AB0062F007}
		{10CB3781-C2B1-3A2E-885E-D145F5DA3351} = {10CB3781-C2B1-3A2E-885E-D145F5DA3351}
	EndProjectSection
EndProject
Project("{8BC9CEB8-8B4A-11D0-8D11-00A0C91BC942}") = "INSTALL", "INSTALL.vcxproj", "{862FF5E6-4E73-3A20-B183-E010A77AC5F0}"
	ProjectSection(ProjectDependencies) = postProject
		{4B1E419B-ABAD-36B8-BA1D-F58E02AE4709} = {4B1E419B-ABAD-36B8-BA1D-F58E02AE4709}
		{78DCFFC2-6DB0-31DB-B880-BA9892B317B9} = {78DCFFC2-6DB0-31DB-B880-BA9892B317B9}
	EndProjectSection
EndProject
Project("{8BC9CEB8-8B4A-11D0-8D11-00A0C91BC942}") = "ZERO_CHECK", "ZERO_CHECK.vcxproj", "{78DCFFC2-6DB0-31DB-B880-BA9892B317B9}"
	ProjectSection(ProjectDependencies) = postProject
	EndProjectSection
EndProject
Project("{8BC9CEB8-8B4A-11D0-8D11-00A0C91BC942}") = "arch-demo", "arch-demo\arch-demo.vcxproj", "{4D7FD93B-CD55-3B5E-872B-916110561FC5}"
	ProjectSection(ProjectDependencies) = postProject
		{78DCFFC2-6DB0-31DB-B880-BA9892B317B9} = {78DCFFC2-6DB0-31DB-B880-BA9892B317B9}
		{8E109DF3-43EF-34B2-B868-FA7868114DAB} = {8E109DF3-43EF-34B2-B868-FA7868114DAB}
		{D8686570-9FE1-3D58-BC16-12AB0062F007} = {D8686570-9FE1-3D58-BC16-12AB0062F007}
		{10CB3781-C2B1-3A2E-885E-D145F5DA3351} = {10CB3781-C2B1-3A2E-885E-D145F5DA3351}
	EndProjectSection
EndProject
Project("{8BC9CEB8-8B4A-11D0-8D11-00A0C91BC942}") = "healthy-c1-common", "healthy-c1-common\healthy-c1-common.vcxproj", "{00B814D1-FB8B-3857-82EC-6CF1E7840CED}"
	ProjectSection(ProjectDependencies) = postProject
		{78DCFFC2-6DB0-31DB-B880-BA9892B317B9} = {78DCFFC2-6DB0-31DB-B880-BA9892B317B9}
		{8E109DF3-43EF-34B2-B868-FA7868114DAB} = {8E109DF3-43EF-34B2-B868-FA7868114DAB}
		{D8686570-9FE1-3D58-BC16-12AB0062F007} = {D8686570-9FE1-3D58-BC16-12AB0062F007}
		{10CB3781-C2B1-3A2E-885E-D145F5DA3351} = {10CB3781-C2B1-3A2E-885E-D145F5DA3351}
	EndProjectSection
EndProject
Project("{8BC9CEB8-8B4A-11D0-8D11-00A0C91BC942}") = "lib-common", "lib-common\lib-common.vcxproj", "{8E109DF3-43EF-34B2-B868-FA7868114DAB}"
	ProjectSection(ProjectDependencies) = postProject
		{78DCFFC2-6DB0-31DB-B880-BA9892B317B9} = {78DCFFC2-6DB0-31DB-B880-BA9892B317B9}
	EndProjectSection
EndProject
Project("{8BC9CEB8-8B4A-11D0-8D11-00A0C91BC942}") = "lib-mysql", "lib-mysql\lib-mysql.vcxproj", "{D8686570-9FE1-3D58-BC16-12AB0062F007}"
	ProjectSection(ProjectDependencies) = postProject
		{78DCFFC2-6DB0-31DB-B880-BA9892B317B9} = {78DCFFC2-6DB0-31DB-B880-BA9892B317B9}
	EndProjectSection
EndProject
Project("{8BC9CEB8-8B4A-11D0-8D11-00A0C91BC942}") = "lib-oatpp", "lib-oatpp\lib-oatpp.vcxproj", "{10CB3781-C2B1-3A2E-885E-D145F5DA3351}"
	ProjectSection(ProjectDependencies) = postProject
		{78DCFFC2-6DB0-31DB-B880-BA9892B317B9} = {78DCFFC2-6DB0-31DB-B880-BA9892B317B9}
	EndProjectSection
EndProject
Global
	GlobalSection(SolutionConfigurationPlatforms) = preSolution
		Debug|x64 = Debug|x64
		Release|x64 = Release|x64
		MinSizeRel|x64 = MinSizeRel|x64
		RelWithDebInfo|x64 = RelWithDebInfo|x64
	EndGlobalSection
	GlobalSection(ProjectConfigurationPlatforms) = postSolution
		{4B1E419B-ABAD-36B8-BA1D-F58E02AE4709}.Debug|x64.ActiveCfg = Debug|x64
		{4B1E419B-ABAD-36B8-BA1D-F58E02AE4709}.Debug|x64.Build.0 = Debug|x64
		{4B1E419B-ABAD-36B8-BA1D-F58E02AE4709}.Release|x64.ActiveCfg = Release|x64
		{4B1E419B-ABAD-36B8-BA1D-F58E02AE4709}.Release|x64.Build.0 = Release|x64
		{4B1E419B-ABAD-36B8-BA1D-F58E02AE4709}.MinSizeRel|x64.ActiveCfg = MinSizeRel|x64
		{4B1E419B-ABAD-36B8-BA1D-F58E02AE4709}.MinSizeRel|x64.Build.0 = MinSizeRel|x64
		{4B1E419B-ABAD-36B8-BA1D-F58E02AE4709}.RelWithDebInfo|x64.ActiveCfg = RelWithDebInfo|x64
		{4B1E419B-ABAD-36B8-BA1D-F58E02AE4709}.RelWithDebInfo|x64.Build.0 = RelWithDebInfo|x64
		{862FF5E6-4E73-3A20-B183-E010A77AC5F0}.Debug|x64.ActiveCfg = Debug|x64
		{862FF5E6-4E73-3A20-B183-E010A77AC5F0}.Release|x64.ActiveCfg = Release|x64
		{862FF5E6-4E73-3A20-B183-E010A77AC5F0}.MinSizeRel|x64.ActiveCfg = MinSizeRel|x64
		{862FF5E6-4E73-3A20-B183-E010A77AC5F0}.RelWithDebInfo|x64.ActiveCfg = RelWithDebInfo|x64
		{78DCFFC2-6DB0-31DB-B880-BA9892B317B9}.Debug|x64.ActiveCfg = Debug|x64
		{78DCFFC2-6DB0-31DB-B880-BA9892B317B9}.Debug|x64.Build.0 = Debug|x64
		{78DCFFC2-6DB0-31DB-B880-BA9892B317B9}.Release|x64.ActiveCfg = Release|x64
		{78DCFFC2-6DB0-31DB-B880-BA9892B317B9}.Release|x64.Build.0 = Release|x64
		{78DCFFC2-6DB0-31DB-B880-BA9892B317B9}.MinSizeRel|x64.ActiveCfg = MinSizeRel|x64
		{78DCFFC2-6DB0-31DB-B880-BA9892B317B9}.MinSizeRel|x64.Build.0 = MinSizeRel|x64
		{78DCFFC2-6DB0-31DB-B880-BA9892B317B9}.RelWithDebInfo|x64.ActiveCfg = RelWithDebInfo|x64
		{78DCFFC2-6DB0-31DB-B880-BA9892B317B9}.RelWithDebInfo|x64.Build.0 = RelWithDebInfo|x64
		{4D7FD93B-CD55-3B5E-872B-916110561FC5}.Debug|x64.ActiveCfg = Debug|x64
		{4D7FD93B-CD55-3B5E-872B-916110561FC5}.Debug|x64.Build.0 = Debug|x64
		{4D7FD93B-CD55-3B5E-872B-916110561FC5}.Release|x64.ActiveCfg = Release|x64
		{4D7FD93B-CD55-3B5E-872B-916110561FC5}.Release|x64.Build.0 = Release|x64
		{4D7FD93B-CD55-3B5E-872B-916110561FC5}.MinSizeRel|x64.ActiveCfg = MinSizeRel|x64
		{4D7FD93B-CD55-3B5E-872B-916110561FC5}.MinSizeRel|x64.Build.0 = MinSizeRel|x64
		{4D7FD93B-CD55-3B5E-872B-916110561FC5}.RelWithDebInfo|x64.ActiveCfg = RelWithDebInfo|x64
		{4D7FD93B-CD55-3B5E-872B-916110561FC5}.RelWithDebInfo|x64.Build.0 = RelWithDebInfo|x64
		{00B814D1-FB8B-3857-82EC-6CF1E7840CED}.Debug|x64.ActiveCfg = Debug|x64
		{00B814D1-FB8B-3857-82EC-6CF1E7840CED}.Debug|x64.Build.0 = Debug|x64
		{00B814D1-FB8B-3857-82EC-6CF1E7840CED}.Release|x64.ActiveCfg = Release|x64
		{00B814D1-FB8B-3857-82EC-6CF1E7840CED}.Release|x64.Build.0 = Release|x64
		{00B814D1-FB8B-3857-82EC-6CF1E7840CED}.MinSizeRel|x64.ActiveCfg = MinSizeRel|x64
		{00B814D1-FB8B-3857-82EC-6CF1E7840CED}.MinSizeRel|x64.Build.0 = MinSizeRel|x64
		{00B814D1-FB8B-3857-82EC-6CF1E7840CED}.RelWithDebInfo|x64.ActiveCfg = RelWithDebInfo|x64
		{00B814D1-FB8B-3857-82EC-6CF1E7840CED}.RelWithDebInfo|x64.Build.0 = RelWithDebInfo|x64
		{8E109DF3-43EF-34B2-B868-FA7868114DAB}.Debug|x64.ActiveCfg = Debug|x64
		{8E109DF3-43EF-34B2-B868-FA7868114DAB}.Debug|x64.Build.0 = Debug|x64
		{8E109DF3-43EF-34B2-B868-FA7868114DAB}.Release|x64.ActiveCfg = Release|x64
		{8E109DF3-43EF-34B2-B868-FA7868114DAB}.Release|x64.Build.0 = Release|x64
		{8E109DF3-43EF-34B2-B868-FA7868114DAB}.MinSizeRel|x64.ActiveCfg = MinSizeRel|x64
		{8E109DF3-43EF-34B2-B868-FA7868114DAB}.MinSizeRel|x64.Build.0 = MinSizeRel|x64
		{8E109DF3-43EF-34B2-B868-FA7868114DAB}.RelWithDebInfo|x64.ActiveCfg = RelWithDebInfo|x64
		{8E109DF3-43EF-34B2-B868-FA7868114DAB}.RelWithDebInfo|x64.Build.0 = RelWithDebInfo|x64
		{D8686570-9FE1-3D58-BC16-12AB0062F007}.Debug|x64.ActiveCfg = Debug|x64
		{D8686570-9FE1-3D58-BC16-12AB0062F007}.Debug|x64.Build.0 = Debug|x64
		{D8686570-9FE1-3D58-BC16-12AB0062F007}.Release|x64.ActiveCfg = Release|x64
		{D8686570-9FE1-3D58-BC16-12AB0062F007}.Release|x64.Build.0 = Release|x64
		{D8686570-9FE1-3D58-BC16-12AB0062F007}.MinSizeRel|x64.ActiveCfg = MinSizeRel|x64
		{D8686570-9FE1-3D58-BC16-12AB0062F007}.MinSizeRel|x64.Build.0 = MinSizeRel|x64
		{D8686570-9FE1-3D58-BC16-12AB0062F007}.RelWithDebInfo|x64.ActiveCfg = RelWithDebInfo|x64
		{D8686570-9FE1-3D58-BC16-12AB0062F007}.RelWithDebInfo|x64.Build.0 = RelWithDebInfo|x64
		{10CB3781-C2B1-3A2E-885E-D145F5DA3351}.Debug|x64.ActiveCfg = Debug|x64
		{10CB3781-C2B1-3A2E-885E-D145F5DA3351}.Debug|x64.Build.0 = Debug|x64
		{10CB3781-C2B1-3A2E-885E-D145F5DA3351}.Release|x64.ActiveCfg = Release|x64
		{10CB3781-C2B1-3A2E-885E-D145F5DA3351}.Release|x64.Build.0 = Release|x64
		{10CB3781-C2B1-3A2E-885E-D145F5DA3351}.MinSizeRel|x64.ActiveCfg = MinSizeRel|x64
		{10CB3781-C2B1-3A2E-885E-D145F5DA3351}.MinSizeRel|x64.Build.0 = MinSizeRel|x64
		{10CB3781-C2B1-3A2E-885E-D145F5DA3351}.RelWithDebInfo|x64.ActiveCfg = RelWithDebInfo|x64
		{10CB3781-C2B1-3A2E-885E-D145F5DA3351}.RelWithDebInfo|x64.Build.0 = RelWithDebInfo|x64
	EndGlobalSection
	GlobalSection(ExtensibilityGlobals) = postSolution
		SolutionGuid = {2C3E8244-8FB5-352E-9AF6-4604747D4604}
	EndGlobalSection
	GlobalSection(ExtensibilityAddIns) = postSolution
	EndGlobalSection
EndGlobal
